{
  "name": "local-storage-v8",
  "version": "0.1.0",
  "lockfileVersion": 1,
  "requires": true,
  "dependencies": {
    "@types/node": {
      "version": "8.0.47",
      "resolved": "http://registry.npm.taobao.org/@types/node/download/@types/node-8.0.47.tgz",
      "dev": true
    },
    "chai": {
      "version": "4.1.2",
      "resolved": "http://registry.npm.taobao.org/chai/download/chai-4.1.2.tgz",
      "dev": true,
      "requires": {
        "assertion-error": "1.0.2",
        "check-error": "1.0.2",
        "deep-eql": "3.0.1",
        "get-func-name": "2.0.0",
        "pathval": "1.1.0",
        "type-detect": "4.0.3"
      },
      "dependencies": {
        "assertion-error": {
          "version": "1.0.2",
          "bundled": true,
          "dev": true
        },
        "check-error": {
          "version": "1.0.2",
          "bundled": true,
          "dev": true
        },
        "deep-eql": {
          "version": "3.0.1",
          "bundled": true,
          "dev": true,
          "requires": {
            "type-detect": "4.0.3"
          },
          "dependencies": {
            "type-detect": {
              "version": "4.0.3",
              "resolved": "http://registry.npm.taobao.org/type-detect/download/type-detect-4.0.3.tgz",
              "dev": true
            }
          }
        },
        "get-func-name": {
          "version": "2.0.0",
          "bundled": true,
          "dev": true
        },
        "pathval": {
          "version": "1.1.0",
          "bundled": true,
          "dev": true
        },
        "type-detect": {
          "version": "4.0.3",
          "bundled": true,
          "dev": true
        }
      }
    }
  }
}
